
Microsoft Visual Studio Solution File, Format Version 12.00
# Visual Studio Version 17
VisualStudioVersion = 17.8.34525.116
MinimumVisualStudioVersion = 10.0.40219.1
Project("{2150E333-8FDC-42A3-9474-1A3956D46DE8}") = "Services", "Services", "{DC6397DC-7E28-4D4E-81D0-BE1E7813570E}"
EndProject
Project("{2150E333-8FDC-42A3-9474-1A3956D46DE8}") = "User", "User", "{3CCE3FA1-D6FA-44F7-B4E5-C2752BA0A6CF}"
EndProject
Project("{2150E333-8FDC-42A3-9474-1A3956D46DE8}") = "UnitTest", "UnitTest", "{AEE78D80-D798-4C17-9816-18DFFE4D0E19}"
EndProject
Project("{2150E333-8FDC-42A3-9474-1A3956D46DE8}") = "Core", "Core", "{5CE6F5F3-3392-4496-BE12-FEFFE1633C09}"
EndProject
Project("{2150E333-8FDC-42A3-9474-1A3956D46DE8}") = "Infrastucture", "Infrastucture", "{25F7AC63-6BAD-492F-BB73-88D2238BAE00}"
EndProject
Project("{2150E333-8FDC-42A3-9474-1A3956D46DE8}") = "Presentation", "Presentation", "{2151C1D3-DCAD-46C0-A86A-74EA5B070D21}"
EndProject
Project("{9A19103F-16F7-4668-BE54-9A1E7A4F7556}") = "User.Persistence", "Services\User\Infrastucture\User.Persistence\User.Persistence.csproj", "{78662E9C-8C9C-41C6-84FE-D0D26660C14D}"
EndProject
Project("{9A19103F-16F7-4668-BE54-9A1E7A4F7556}") = "User.Application", "Services\User\Core\User.Application\User.Application.csproj", "{CB21E06B-D143-4676-A257-B9591C87BB3D}"
EndProject
Project("{9A19103F-16F7-4668-BE54-9A1E7A4F7556}") = "User.Domain", "Services\User\Core\User.Domain\User.Domain.csproj", "{CC38771C-5832-4CF1-AB9E-AD9B4C141B36}"
EndProject
Project("{9A19103F-16F7-4668-BE54-9A1E7A4F7556}") = "User.API", "Services\User\Presentation\User.API\User.API\User.API.csproj", "{33A2A857-5F41-4C4B-B324-CB06E65CE3B2}"
EndProject
Project("{9A19103F-16F7-4668-BE54-9A1E7A4F7556}") = "User.Infrastructure", "Services\User\Infrastucture\User.Infrastructure\User.Infrastructure.csproj", "{654ACF36-1720-4E68-A93A-99FA5CE22D78}"
EndProject
Project("{9A19103F-16F7-4668-BE54-9A1E7A4F7556}") = "User.API.Tests", "Services\User\UnitTest\User.API.Tests\User.API.Tests\User.API.Tests.csproj", "{A62175D1-4172-480C-A96F-4BF2B3C13620}"
EndProject
Project("{9A19103F-16F7-4668-BE54-9A1E7A4F7556}") = "User.Infrastructure.Tests", "Services\User\UnitTest\User.Infrastructure.Tests\User.Infrastructure.Tests\User.Infrastructure.Tests.csproj", "{4DA9A42E-7241-4F0D-9DAE-452CB25BDDF8}"
EndProject
Project("{9A19103F-16F7-4668-BE54-9A1E7A4F7556}") = "User.Application.Tests", "Services\User\UnitTest\User.Application.Tests\User.Application.Tests\User.Application.Tests.csproj", "{C13DF7FE-E440-43AC-A19F-4B1B56478E8B}"
EndProject
Project("{9A19103F-16F7-4668-BE54-9A1E7A4F7556}") = "User.Mapper", "Services\User\Core\User.API.Mapper\User.Mapper\User.Mapper.csproj", "{8FC7B2F7-C8DA-4682-A773-76300EA400BF}"
EndProject
Project("{2150E333-8FDC-42A3-9474-1A3956D46DE8}") = "Shared", "Shared", "{7032ACC3-7950-4EBB-B143-3F34FF9B2751}"
EndProject
Project("{FAE04EC0-301F-11D3-BF4B-00C04F79EFBC}") = "GlobalResultPattern", "Shared\GlobalResultPattern\GlobalResultPattern.csproj", "{0A904B49-A420-4E3B-8D50-621D00641820}"
EndProject
Global
	GlobalSection(SolutionConfigurationPlatforms) = preSolution
		Debug|Any CPU = Debug|Any CPU
		Release|Any CPU = Release|Any CPU
	EndGlobalSection
	GlobalSection(ProjectConfigurationPlatforms) = postSolution
		{78662E9C-8C9C-41C6-84FE-D0D26660C14D}.Debug|Any CPU.ActiveCfg = Debug|Any CPU
		{78662E9C-8C9C-41C6-84FE-D0D26660C14D}.Debug|Any CPU.Build.0 = Debug|Any CPU
		{78662E9C-8C9C-41C6-84FE-D0D26660C14D}.Release|Any CPU.ActiveCfg = Release|Any CPU
		{78662E9C-8C9C-41C6-84FE-D0D26660C14D}.Release|Any CPU.Build.0 = Release|Any CPU
		{CB21E06B-D143-4676-A257-B9591C87BB3D}.Debug|Any CPU.ActiveCfg = Debug|Any CPU
		{CB21E06B-D143-4676-A257-B9591C87BB3D}.Debug|Any CPU.Build.0 = Debug|Any CPU
		{CB21E06B-D143-4676-A257-B9591C87BB3D}.Release|Any CPU.ActiveCfg = Release|Any CPU
		{CB21E06B-D143-4676-A257-B9591C87BB3D}.Release|Any CPU.Build.0 = Release|Any CPU
		{CC38771C-5832-4CF1-AB9E-AD9B4C141B36}.Debug|Any CPU.ActiveCfg = Debug|Any CPU
		{CC38771C-5832-4CF1-AB9E-AD9B4C141B36}.Debug|Any CPU.Build.0 = Debug|Any CPU
		{CC38771C-5832-4CF1-AB9E-AD9B4C141B36}.Release|Any CPU.ActiveCfg = Release|Any CPU
		{CC38771C-5832-4CF1-AB9E-AD9B4C141B36}.Release|Any CPU.Build.0 = Release|Any CPU
		{33A2A857-5F41-4C4B-B324-CB06E65CE3B2}.Debug|Any CPU.ActiveCfg = Debug|Any CPU
		{33A2A857-5F41-4C4B-B324-CB06E65CE3B2}.Debug|Any CPU.Build.0 = Debug|Any CPU
		{33A2A857-5F41-4C4B-B324-CB06E65CE3B2}.Release|Any CPU.ActiveCfg = Release|Any CPU
		{33A2A857-5F41-4C4B-B324-CB06E65CE3B2}.Release|Any CPU.Build.0 = Release|Any CPU
		{654ACF36-1720-4E68-A93A-99FA5CE22D78}.Debug|Any CPU.ActiveCfg = Debug|Any CPU
		{654ACF36-1720-4E68-A93A-99FA5CE22D78}.Debug|Any CPU.Build.0 = Debug|Any CPU
		{654ACF36-1720-4E68-A93A-99FA5CE22D78}.Release|Any CPU.ActiveCfg = Release|Any CPU
		{654ACF36-1720-4E68-A93A-99FA5CE22D78}.Release|Any CPU.Build.0 = Release|Any CPU
		{A62175D1-4172-480C-A96F-4BF2B3C13620}.Debug|Any CPU.ActiveCfg = Debug|Any CPU
		{A62175D1-4172-480C-A96F-4BF2B3C13620}.Debug|Any CPU.Build.0 = Debug|Any CPU
		{A62175D1-4172-480C-A96F-4BF2B3C13620}.Release|Any CPU.ActiveCfg = Release|Any CPU
		{A62175D1-4172-480C-A96F-4BF2B3C13620}.Release|Any CPU.Build.0 = Release|Any CPU
		{4DA9A42E-7241-4F0D-9DAE-452CB25BDDF8}.Debug|Any CPU.ActiveCfg = Debug|Any CPU
		{4DA9A42E-7241-4F0D-9DAE-452CB25BDDF8}.Debug|Any CPU.Build.0 = Debug|Any CPU
		{4DA9A42E-7241-4F0D-9DAE-452CB25BDDF8}.Release|Any CPU.ActiveCfg = Release|Any CPU
		{4DA9A42E-7241-4F0D-9DAE-452CB25BDDF8}.Release|Any CPU.Build.0 = Release|Any CPU
		{C13DF7FE-E440-43AC-A19F-4B1B56478E8B}.Debug|Any CPU.ActiveCfg = Debug|Any CPU
		{C13DF7FE-E440-43AC-A19F-4B1B56478E8B}.Debug|Any CPU.Build.0 = Debug|Any CPU
		{C13DF7FE-E440-43AC-A19F-4B1B56478E8B}.Release|Any CPU.ActiveCfg = Release|Any CPU
		{C13DF7FE-E440-43AC-A19F-4B1B56478E8B}.Release|Any CPU.Build.0 = Release|Any CPU
		{8FC7B2F7-C8DA-4682-A773-76300EA400BF}.Debug|Any CPU.ActiveCfg = Debug|Any CPU
		{8FC7B2F7-C8DA-4682-A773-76300EA400BF}.Debug|Any CPU.Build.0 = Debug|Any CPU
		{8FC7B2F7-C8DA-4682-A773-76300EA400BF}.Release|Any CPU.ActiveCfg = Release|Any CPU
		{8FC7B2F7-C8DA-4682-A773-76300EA400BF}.Release|Any CPU.Build.0 = Release|Any CPU
		{0A904B49-A420-4E3B-8D50-621D00641820}.Debug|Any CPU.ActiveCfg = Debug|Any CPU
		{0A904B49-A420-4E3B-8D50-621D00641820}.Debug|Any CPU.Build.0 = Debug|Any CPU
		{0A904B49-A420-4E3B-8D50-621D00641820}.Release|Any CPU.ActiveCfg = Release|Any CPU
		{0A904B49-A420-4E3B-8D50-621D00641820}.Release|Any CPU.Build.0 = Release|Any CPU
	EndGlobalSection
	GlobalSection(SolutionProperties) = preSolution
		HideSolutionNode = FALSE
	EndGlobalSection
	GlobalSection(NestedProjects) = preSolution
		{3CCE3FA1-D6FA-44F7-B4E5-C2752BA0A6CF} = {DC6397DC-7E28-4D4E-81D0-BE1E7813570E}
		{AEE78D80-D798-4C17-9816-18DFFE4D0E19} = {3CCE3FA1-D6FA-44F7-B4E5-C2752BA0A6CF}
		{5CE6F5F3-3392-4496-BE12-FEFFE1633C09} = {3CCE3FA1-D6FA-44F7-B4E5-C2752BA0A6CF}
		{25F7AC63-6BAD-492F-BB73-88D2238BAE00} = {3CCE3FA1-D6FA-44F7-B4E5-C2752BA0A6CF}
		{2151C1D3-DCAD-46C0-A86A-74EA5B070D21} = {3CCE3FA1-D6FA-44F7-B4E5-C2752BA0A6CF}
		{78662E9C-8C9C-41C6-84FE-D0D26660C14D} = {25F7AC63-6BAD-492F-BB73-88D2238BAE00}
		{CB21E06B-D143-4676-A257-B9591C87BB3D} = {5CE6F5F3-3392-4496-BE12-FEFFE1633C09}
		{CC38771C-5832-4CF1-AB9E-AD9B4C141B36} = {5CE6F5F3-3392-4496-BE12-FEFFE1633C09}
		{33A2A857-5F41-4C4B-B324-CB06E65CE3B2} = {2151C1D3-DCAD-46C0-A86A-74EA5B070D21}
		{654ACF36-1720-4E68-A93A-99FA5CE22D78} = {25F7AC63-6BAD-492F-BB73-88D2238BAE00}
		{A62175D1-4172-480C-A96F-4BF2B3C13620} = {AEE78D80-D798-4C17-9816-18DFFE4D0E19}
		{4DA9A42E-7241-4F0D-9DAE-452CB25BDDF8} = {AEE78D80-D798-4C17-9816-18DFFE4D0E19}
		{C13DF7FE-E440-43AC-A19F-4B1B56478E8B} = {AEE78D80-D798-4C17-9816-18DFFE4D0E19}
		{8FC7B2F7-C8DA-4682-A773-76300EA400BF} = {5CE6F5F3-3392-4496-BE12-FEFFE1633C09}
		{0A904B49-A420-4E3B-8D50-621D00641820} = {7032ACC3-7950-4EBB-B143-3F34FF9B2751}
	EndGlobalSection
	GlobalSection(ExtensibilityGlobals) = postSolution
		SolutionGuid = {97C3A148-A511-40DB-B97A-57E8F502D4A9}
	EndGlobalSection
EndGlobal
